// !$*UTF8*$!
{
	archiveVersion = 1;
	classes = {
	};
	objectVersion = 48;
	objects = {

/* Begin PBXBuildFile section */
		F508FDBE211BC5A200E2EF8A /* AppDelegate.swift in Sources */ = {isa = PBXBuildFile; fileRef = F508FDBD211BC5A200E2EF8A /* AppDelegate.swift */; };
		F508FDC0211BC5A200E2EF8A /* DetailViewController.swift in Sources */ = {isa = PBXBuildFile; fileRef = F508FDBF211BC5A200E2EF8A /* DetailViewController.swift */; };
		F508FDC3211BC5A200E2EF8A /* Main.storyboard in Resources */ = {isa = PBXBuildFile; fileRef = F508FDC1211BC5A200E2EF8A /* Main.storyboard */; };
		F508FDC5211BC5A200E2EF8A /* Assets.xcassets in Resources */ = {isa = PBXBuildFile; fileRef = F508FDC4211BC5A200E2EF8A /* Assets.xcassets */; };
		F508FDC8211BC5A200E2EF8A /* LaunchScreen.storyboard in Resources */ = {isa = PBXBuildFile; fileRef = F508FDC6211BC5A200E2EF8A /* LaunchScreen.storyboard */; };
		F508FDD3211BC5A200E2EF8A /* _0180808_NishiDandekar_NYCSchoolsTests.swift in Sources */ = {isa = PBXBuildFile; fileRef = F508FDD2211BC5A200E2EF8A /* _0180808_NishiDandekar_NYCSchoolsTests.swift */; };
		F508FDDE211BC5A200E2EF8A /* _0180808_NishiDandekar_NYCSchoolsUITests.swift in Sources */ = {isa = PBXBuildFile; fileRef = F508FDDD211BC5A200E2EF8A /* _0180808_NishiDandekar_NYCSchoolsUITests.swift */; };
		F508FDEC211CA8B800E2EF8A /* SchoolListTableViewController.swift in Sources */ = {isa = PBXBuildFile; fileRef = F508FDEB211CA8B800E2EF8A /* SchoolListTableViewController.swift */; };
		F508FDEE211CB67900E2EF8A /* SchoolDataModel.swift in Sources */ = {isa = PBXBuildFile; fileRef = F508FDED211CB67900E2EF8A /* SchoolDataModel.swift */; };
		F508FDF0211CCB2300E2EF8A /* DataManager.swift in Sources */ = {isa = PBXBuildFile; fileRef = F508FDEF211CCB2300E2EF8A /* DataManager.swift */; };
/* End PBXBuildFile section */

/* Begin PBXContainerItemProxy section */
		F508FDCF211BC5A200E2EF8A /* PBXContainerItemProxy */ = {
			isa = PBXContainerItemProxy;
			containerPortal = F508FDB2211BC5A200E2EF8A /* Project object */;
			proxyType = 1;
			remoteGlobalIDString = F508FDB9211BC5A200E2EF8A;
			remoteInfo = "20180808-NishiDandekar-NYCSchools";
		};
		F508FDDA211BC5A200E2EF8A /* PBXContainerItemProxy */ = {
			isa = PBXContainerItemProxy;
			containerPortal = F508FDB2211BC5A200E2EF8A /* Project object */;
			proxyType = 1;
			remoteGlobalIDString = F508FDB9211BC5A200E2EF8A;
			remoteInfo = "20180808-NishiDandekar-NYCSchools";
		};
/* End PBXContainerItemProxy section */

/* Begin PBXFileReference section */
		F508FDBA211BC5A200E2EF8A /* 20180808-NishiDandekar-NYCSchools.app */ = {isa = PBXFileReference; explicitFileType = wrapper.application; includeInIndex = 0; path = "20180808-NishiDandekar-NYCSchools.app"; sourceTree = BUILT_PRODUCTS_DIR; };
		F508FDBD211BC5A200E2EF8A /* AppDelegate.swift */ = {isa = PBXFileReference; lastKnownFileType = sourcecode.swift; path = AppDelegate.swift; sourceTree = "<group>"; };
		F508FDBF211BC5A200E2EF8A /* DetailViewController.swift */ = {isa = PBXFileReference; lastKnownFileType = sourcecode.swift; path = DetailViewController.swift; sourceTree = "<group>"; };
		F508FDC2211BC5A200E2EF8A /* Base */ = {isa = PBXFileReference; lastKnownFileType = file.storyboard; name = Base; path = Base.lproj/Main.storyboard; sourceTree = "<group>"; };
		F508FDC4211BC5A200E2EF8A /* Assets.xcassets */ = {isa = PBXFileReference; lastKnownFileType = folder.assetcatalog; path = Assets.xcassets; sourceTree = "<group>"; };
		F508FDC7211BC5A200E2EF8A /* Base */ = {isa = PBXFileReference; lastKnownFileType = file.storyboard; name = Base; path = Base.lproj/LaunchScreen.storyboard; sourceTree = "<group>"; };
		F508FDC9211BC5A200E2EF8A /* Info.plist */ = {isa = PBXFileReference; lastKnownFileType = text.plist.xml; path = Info.plist; sourceTree = "<group>"; };
		F508FDCE211BC5A200E2EF8A /* 20180808-NishiDandekar-NYCSchoolsTests.xctest */ = {isa = PBXFileReference; explicitFileType = wrapper.cfbundle; includeInIndex = 0; path = "20180808-NishiDandekar-NYCSchoolsTests.xctest"; sourceTree = BUILT_PRODUCTS_DIR; };
		F508FDD2211BC5A200E2EF8A /* _0180808_NishiDandekar_NYCSchoolsTests.swift */ = {isa = PBXFileReference; lastKnownFileType = sourcecode.swift; path = _0180808_NishiDandekar_NYCSchoolsTests.swift; sourceTree = "<group>"; };
		F508FDD4211BC5A200E2EF8A /* Info.plist */ = {isa = PBXFileReference; lastKnownFileType = text.plist.xml; path = Info.plist; sourceTree = "<group>"; };
		F508FDD9211BC5A200E2EF8A /* 20180808-NishiDandekar-NYCSchoolsUITests.xctest */ = {isa = PBXFileReference; explicitFileType = wrapper.cfbundle; includeInIndex = 0; path = "20180808-NishiDandekar-NYCSchoolsUITests.xctest"; sourceTree = BUILT_PRODUCTS_DIR; };
		F508FDDD211BC5A200E2EF8A /* _0180808_NishiDandekar_NYCSchoolsUITests.swift */ = {isa = PBXFileReference; lastKnownFileType = sourcecode.swift; path = _0180808_NishiDandekar_NYCSchoolsUITests.swift; sourceTree = "<group>"; };
		F508FDDF211BC5A200E2EF8A /* Info.plist */ = {isa = PBXFileReference; lastKnownFileType = text.plist.xml; path = Info.plist; sourceTree = "<group>"; };
		F508FDEB211CA8B800E2EF8A /* SchoolListTableViewController.swift */ = {isa = PBXFileReference; lastKnownFileType = sourcecode.swift; path = SchoolListTableViewController.swift; sourceTree = "<group>"; };
		F508FDED211CB67900E2EF8A /* SchoolDataModel.swift */ = {isa = PBXFileReference; lastKnownFileType = sourcecode.swift; path = SchoolDataModel.swift; sourceTree = "<group>"; };
		F508FDEF211CCB2300E2EF8A /* DataManager.swift */ = {isa = PBXFileReference; lastKnownFileType = sourcecode.swift; path = DataManager.swift; sourceTree = "<group>"; };
/* End PBXFileReference section */

/* Begin PBXFrameworksBuildPhase section */
		F508FDB7211BC5A200E2EF8A /* Frameworks */ = {
			isa = PBXFrameworksBuildPhase;
			buildActionMask = 2147483647;
			files = (
			);
			runOnlyForDeploymentPostprocessing = 0;
		};
		F508FDCB211BC5A200E2EF8A /* Frameworks */ = {
			isa = PBXFrameworksBuildPhase;
			buildActionMask = 2147483647;
			files = (
			);
			runOnlyForDeploymentPostprocessing = 0;
		};
		F508FDD6211BC5A200E2EF8A /* Frameworks */ = {
			isa = PBXFrameworksBuildPhase;
			buildActionMask = 2147483647;
			files = (
			);
			runOnlyForDeploymentPostprocessing = 0;
		};
/* End PBXFrameworksBuildPhase section */

/* Begin PBXGroup section */
		F508FDB1211BC5A200E2EF8A = {
			isa = PBXGroup;
			children = (
				F508FDBC211BC5A200E2EF8A /* 20180808-NishiDandekar-NYCSchools */,
				F508FDD1211BC5A200E2EF8A /* 20180808-NishiDandekar-NYCSchoolsTests */,
				F508FDDC211BC5A200E2EF8A /* 20180808-NishiDandekar-NYCSchoolsUITests */,
				F508FDBB211BC5A200E2EF8A /* Products */,
			);
			sourceTree = "<group>";
		};
		F508FDBB211BC5A200E2EF8A /* Products */ = {
			isa = PBXGroup;
			children = (
				F508FDBA211BC5A200E2EF8A /* 20180808-NishiDandekar-NYCSchools.app */,
				F508FDCE211BC5A200E2EF8A /* 20180808-NishiDandekar-NYCSchoolsTests.xctest */,
				F508FDD9211BC5A200E2EF8A /* 20180808-NishiDandekar-NYCSchoolsUITests.xctest */,
			);
			name = Products;
			sourceTree = "<group>";
		};
		F508FDBC211BC5A200E2EF8A /* 20180808-NishiDandekar-NYCSchools */ = {
			isa = PBXGroup;
			children = (
				F508FDBD211BC5A200E2EF8A /* AppDelegate.swift */,
				F508FDBF211BC5A200E2EF8A /* DetailViewController.swift */,
				F508FDEF211CCB2300E2EF8A /* DataManager.swift */,
				F508FDC1211BC5A200E2EF8A /* Main.storyboard */,
				F508FDED211CB67900E2EF8A /* SchoolDataModel.swift */,
				F508FDEB211CA8B800E2EF8A /* SchoolListTableViewController.swift */,
				F508FDC4211BC5A200E2EF8A /* Assets.xcassets */,
				F508FDC6211BC5A200E2EF8A /* LaunchScreen.storyboard */,
				F508FDC9211BC5A200E2EF8A /* Info.plist */,
			);
			path = "20180808-NishiDandekar-NYCSchools";
			sourceTree = "<group>";
		};
		F508FDD1211BC5A200E2EF8A /* 20180808-NishiDandekar-NYCSchoolsTests */ = {
			isa = PBXGroup;
			children = (
				F508FDD2211BC5A200E2EF8A /* _0180808_NishiDandekar_NYCSchoolsTests.swift */,
				F508FDD4211BC5A200E2EF8A /* Info.plist */,
			);
			path = "20180808-NishiDandekar-NYCSchoolsTests";
			sourceTree = "<group>";
		};
		F508FDDC211BC5A200E2EF8A /* 20180808-NishiDandekar-NYCSchoolsUITests */ = {
			isa = PBXGroup;
			children = (
				F508FDDD211BC5A200E2EF8A /* _0180808_NishiDandekar_NYCSchoolsUITests.swift */,
				F508FDDF211BC5A200E2EF8A /* Info.plist */,
			);
			path = "20180808-NishiDandekar-NYCSchoolsUITests";
			sourceTree = "<group>";
		};
/* End PBXGroup section */

/* Begin PBXNativeTarget section */
		F508FDB9211BC5A200E2EF8A /* 20180808-NishiDandekar-NYCSchools */ = {
			isa = PBXNativeTarget;
			buildConfigurationList = F508FDE2211BC5A200E2EF8A /* Build configuration list for PBXNativeTarget "20180808-NishiDandekar-NYCSchools" */;
			buildPhases = (
				F508FDB6211BC5A200E2EF8A /* Sources */,
				F508FDB7211BC5A200E2EF8A /* Frameworks */,
				F508FDB8211BC5A200E2EF8A /* Resources */,
			);
			buildRules = (
			);
			dependencies = (
			);
			name = "20180808-NishiDandekar-NYCSchools";
			productName = "20180808-NishiDandekar-NYCSchools";
			productReference = F508FDBA211BC5A200E2EF8A /* 20180808-NishiDandekar-NYCSchools.app */;
			productType = "com.apple.product-type.application";
		};
		F508FDCD211BC5A200E2EF8A /* 20180808-NishiDandekar-NYCSchoolsTests */ = {
			isa = PBXNativeTarget;
			buildConfigurationList = F508FDE5211BC5A200E2EF8A /* Build configuration list for PBXNativeTarget "20180808-NishiDandekar-NYCSchoolsTests" */;
			buildPhases = (
				F508FDCA211BC5A200E2EF8A /* Sources */,
				F508FDCB211BC5A200E2EF8A /* Frameworks */,
				F508FDCC211BC5A200E2EF8A /* Resources */,
			);
			buildRules = (
			);
			dependencies = (
				F508FDD0211BC5A200E2EF8A /* PBXTargetDependency */,
			);
			name = "20180808-NishiDandekar-NYCSchoolsTests";
			productName = "20180808-NishiDandekar-NYCSchoolsTests";
			productReference = F508FDCE211BC5A200E2EF8A /* 20180808-NishiDandekar-NYCSchoolsTests.xctest */;
			productType = "com.apple.product-type.bundle.unit-test";
		};
		F508FDD8211BC5A200E2EF8A /* 20180808-NishiDandekar-NYCSchoolsUITests */ = {
			isa = PBXNativeTarget;
			buildConfigurationList = F508FDE8211BC5A200E2EF8A /* Build configuration list for PBXNativeTarget "20180808-NishiDandekar-NYCSchoolsUITests" */;
			buildPhases = (
				F508FDD5211BC5A200E2EF8A /* Sources */,
				F508FDD6211BC5A200E2EF8A /* Frameworks */,
				F508FDD7211BC5A200E2EF8A /* Resources */,
			);
			buildRules = (
			);
			dependencies = (
				F508FDDB211BC5A200E2EF8A /* PBXTargetDependency */,
			);
			name = "20180808-NishiDandekar-NYCSchoolsUITests";
			productName = "20180808-NishiDandekar-NYCSchoolsUITests";
			productReference = F508FDD9211BC5A200E2EF8A /* 20180808-NishiDandekar-NYCSchoolsUITests.xctest */;
			productType = "com.apple.product-type.bundle.ui-testing";
		};
/* End PBXNativeTarget section */

/* Begin PBXProject section */
		F508FDB2211BC5A200E2EF8A /* Project object */ = {
			isa = PBXProject;
			attributes = {
				LastSwiftUpdateCheck = 0920;
				LastUpgradeCheck = 0920;
				ORGANIZATIONNAME = "Nishigandha Dandekar";
				TargetAttributes = {
					F508FDB9211BC5A200E2EF8A = {
						CreatedOnToolsVersion = 9.2;
						ProvisioningStyle = Automatic;
					};
					F508FDCD211BC5A200E2EF8A = {
						CreatedOnToolsVersion = 9.2;
						ProvisioningStyle = Automatic;
						TestTargetID = F508FDB9211BC5A200E2EF8A;
					};
					F508FDD8211BC5A200E2EF8A = {
						CreatedOnToolsVersion = 9.2;
						ProvisioningStyle = Automatic;
						TestTargetID = F508FDB9211BC5A200E2EF8A;
					};
				};
			};
			buildConfigurationList = F508FDB5211BC5A200E2EF8A /* Build configuration list for PBXProject "20180808-NishiDandekar-NYCSchools" */;
			compatibilityVersion = "Xcode 8.0";
			developmentRegion = en;
			hasScannedForEncodings = 0;
			knownRegions = (
				en,
				Base,
			);
			mainGroup = F508FDB1211BC5A200E2EF8A;
			productRefGroup = F508FDBB211BC5A200E2EF8A /* Products */;
			projectDirPath = "";
			projectRoot = "";
			targets = (
				F508FDB9211BC5A200E2EF8A /* 20180808-NishiDandekar-NYCSchools */,
				F508FDCD211BC5A200E2EF8A /* 20180808-NishiDandekar-NYCSchoolsTests */,
				F508FDD8211BC5A200E2EF8A /* 20180808-NishiDandekar-NYCSchoolsUITests */,
			);
		};
/* End PBXProject section */

/* Begin PBXResourcesBuildPhase section */
		F508FDB8211BC5A200E2EF8A /* Resources */ = {
			isa = PBXResourcesBuildPhase;
			buildActionMask = 2147483647;
			files = (
				F508FDC8211BC5A200E2EF8A /* LaunchScreen.storyboard in Resources */,
				F508FDC5211BC5A200E2EF8A /* Assets.xcassets in Resources */,
				F508FDC3211BC5A200E2EF8A /* Main.storyboard in Resources */,
			);
			runOnlyForDeploymentPostprocessing = 0;
		};
		F508FDCC211BC5A200E2EF8A /* Resources */ = {
			isa = PBXResourcesBuildPhase;
			buildActionMask = 2147483647;
			files = (
			);
			runOnlyForDeploymentPostprocessing = 0;
		};
		F508FDD7211BC5A200E2EF8A /* Resources */ = {
			isa = PBXResourcesBuildPhase;
			buildActionMask = 2147483647;
			files = (
			);
			runOnlyForDeploymentPostprocessing = 0;
		};
/* End PBXResourcesBuildPhase section */

/* Begin PBXSourcesBuildPhase section */
		F508FDB6211BC5A200E2EF8A /* Sources */ = {
			isa = PBXSourcesBuildPhase;
			buildActionMask = 2147483647;
			files = (
				F508FDC0211BC5A200E2EF8A /* DetailViewController.swift in Sources */,
				F508FDF0211CCB2300E2EF8A /* DataManager.swift in Sources */,
				F508FDEE211CB67900E2EF8A /* SchoolDataModel.swift in Sources */,
				F508FDBE211BC5A200E2EF8A /* AppDelegate.swift in Sources */,
				F508FDEC211CA8B800E2EF8A /* SchoolListTableViewController.swift in Sources */,
			);
			runOnlyForDeploymentPostprocessing = 0;
		};
		F508FDCA211BC5A200E2EF8A /* Sources */ = {
			isa = PBXSourcesBuildPhase;
			buildActionMask = 2147483647;
			files = (
				F508FDD3211BC5A200E2EF8A /* _0180808_NishiDandekar_NYCSchoolsTests.swift in Sources */,
			);
			runOnlyForDeploymentPostprocessing = 0;
		};
		F508FDD5211BC5A200E2EF8A /* Sources */ = {
			isa = PBXSourcesBuildPhase;
			buildActionMask = 2147483647;
			files = (
				F508FDDE211BC5A200E2EF8A /* _0180808_NishiDandekar_NYCSchoolsUITests.swift in Sources */,
			);
			runOnlyForDeploymentPostprocessing = 0;
		};
/* End PBXSourcesBuildPhase section */

/* Begin PBXTargetDependency section */
		F508FDD0211BC5A200E2EF8A /* PBXTargetDependency */ = {
			isa = PBXTargetDependency;
			target = F508FDB9211BC5A200E2EF8A /* 20180808-NishiDandekar-NYCSchools */;
			targetProxy = F508FDCF211BC5A200E2EF8A /* PBXContainerItemProxy */;
		};
		F508FDDB211BC5A200E2EF8A /* PBXTargetDependency */ = {
			isa = PBXTargetDependency;
			target = F508FDB9211BC5A200E2EF8A /* 20180808-NishiDandekar-NYCSchools */;
			targetProxy = F508FDDA211BC5A200E2EF8A /* PBXContainerItemProxy */;
		};
/* End PBXTargetDependency section */

/* Begin PBXVariantGroup section */
		F508FDC1211BC5A200E2EF8A /* Main.storyboard */ = {
			isa = PBXVariantGroup;
			children = (
				F508FDC2211BC5A200E2EF8A /* Base */,
			);
			name = Main.storyboard;
			sourceTree = "<group>";
		};
		F508FDC6211BC5A200E2EF8A /* LaunchScreen.storyboard */ = {
			isa = PBXVariantGroup;
			children = (
				F508FDC7211BC5A200E2EF8A /* Base */,
			);
			name = LaunchScreen.storyboard;
			sourceTree = "<group>";
		};
/* End PBXVariantGroup section */

/* Begin XCBuildConfiguration section */
		F508FDE0211BC5A200E2EF8A /* Debug */ = {
			isa = XCBuildConfiguration;
			buildSettings = {
				ALWAYS_SEARCH_USER_PATHS = NO;
				CLANG_ANALYZER_NONNULL = YES;
				CLANG_ANALYZER_NUMBER_OBJECT_CONVERSION = YES_AGGRESSIVE;
				CLANG_CXX_LANGUAGE_STANDARD = "gnu++14";
				CLANG_CXX_LIBRARY = "libc++";
				CLANG_ENABLE_MODULES = YES;
				CLANG_ENABLE_OBJC_ARC = YES;
				CLANG_WARN_BLOCK_CAPTURE_AUTORELEASING = YES;
				CLANG_WARN_BOOL_CONVERSION = YES;
				CLANG_WARN_COMMA = YES;
				CLANG_WARN_CONSTANT_CONVERSION = YES;
				CLANG_WARN_DIRECT_OBJC_ISA_USAGE = YES_ERROR;
				CLANG_WARN_DOCUMENTATION_COMMENTS = YES;
				CLANG_WARN_EMPTY_BODY = YES;
				CLANG_WARN_ENUM_CONVERSION = YES;
				CLANG_WARN_INFINITE_RECURSION = YES;
				CLANG_WARN_INT_CONVERSION = YES;
				CLANG_WARN_NON_LITERAL_NULL_CONVERSION = YES;
				CLANG_WARN_OBJC_LITERAL_CONVERSION = YES;
				CLANG_WARN_OBJC_ROOT_CLASS = YES_ERROR;
				CLANG_WARN_RANGE_LOOP_ANALYSIS = YES;
				CLANG_WARN_STRICT_PROTOTYPES = YES;
				CLANG_WARN_SUSPICIOUS_MOVE = YES;
				CLANG_WARN_UNGUARDED_AVAILABILITY = YES_AGGRESSIVE;
				CLANG_WARN_UNREACHABLE_CODE = YES;
				CLANG_WARN__DUPLICATE_METHOD_MATCH = YES;
				CODE_SIGN_IDENTITY = "iPhone Developer";
				COPY_PHASE_STRIP = NO;
				DEBUG_INFORMATION_FORMAT = dwarf;
				ENABLE_STRICT_OBJC_MSGSEND = YES;
				ENABLE_TESTABILITY = YES;
				GCC_C_LANGUAGE_STANDARD = gnu11;
				GCC_DYNAMIC_NO_PIC = NO;
				GCC_NO_COMMON_BLOCKS = YES;
				GCC_OPTIMIZATION_LEVEL = 0;
				GCC_PREPROCESSOR_DEFINITIONS = (
					"DEBUG=1",
					"$(inherited)",
				);
				GCC_WARN_64_TO_32_BIT_CONVERSION = YES;
				GCC_WARN_ABOUT_RETURN_TYPE = YES_ERROR;
				GCC_WARN_UNDECLARED_SELECTOR = YES;
				GCC_WARN_UNINITIALIZED_AUTOS = YES_AGGRESSIVE;
				GCC_WARN_UNUSED_FUNCTION = YES;
				GCC_WARN_UNUSED_VARIABLE = YES;
				IPHONEOS_DEPLOYMENT_TARGET = 11.2;
				MTL_ENABLE_DEBUG_INFO = YES;
				ONLY_ACTIVE_ARCH = YES;
				SDKROOT = iphoneos;
				SWIFT_ACTIVE_COMPILATION_CONDITIONS = DEBUG;
				SWIFT_OPTIMIZATION_LEVEL = "-Onone";
			};
			name = Debug;
		};
		F508FDE1211BC5A200E2EF8A /* Release */ = {
			isa = XCBuildConfiguration;
			buildSettings = {
				ALWAYS_SEARCH_USER_PATHS = NO;
				CLANG_ANALYZER_NONNULL = YES;
				CLANG_ANALYZER_NUMBER_OBJECT_CONVERSION = YES_AGGRESSIVE;
				CLANG_CXX_LANGUAGE_STANDARD = "gnu++14";
				CLANG_CXX_LIBRARY = "libc++";
				CLANG_ENABLE_MODULES = YES;
				CLANG_ENABLE_OBJC_ARC = YES;
				CLANG_WARN_BLOCK_CAPTURE_AUTORELEASING = YES;
				CLANG_WARN_BOOL_CONVERSION = YES;
				CLANG_WARN_COMMA = YES;
				CLANG_WARN_CONSTANT_CONVERSION = YES;
				CLANG_WARN_DIRECT_OBJC_ISA_USAGE = YES_ERROR;
				CLANG_WARN_DOCUMENTATION_COMMENTS = YES;
				CLANG_WARN_EMPTY_BODY = YES;
				CLANG_WARN_ENUM_CONVERSION = YES;
				CLANG_WARN_INFINITE_RECURSION = YES;
				CLANG_WARN_INT_CONVERSION = YES;
				CLANG_WARN_NON_LITERAL_NULL_CONVERSION = YES;
				CLANG_WARN_OBJC_LITERAL_CONVERSION = YES;
				CLANG_WARN_OBJC_ROOT_CLASS = YES_ERROR;
				CLANG_WARN_RANGE_LOOP_ANALYSIS = YES;
				CLANG_WARN_STRICT_PROTOTYPES = YES;
				CLANG_WARN_SUSPICIOUS_MOVE = YES;
				CLANG_WARN_UNGUARDED_AVAILABILITY = YES_AGGRESSIVE;
				CLANG_WARN_UNREACHABLE_CODE = YES;
				CLANG_WARN__DUPLICATE_METHOD_MATCH = YES;
				CODE_SIGN_IDENTITY = "iPhone Developer";
				COPY_PHASE_STRIP = NO;
				DEBUG_INFORMATION_FORMAT = "dwarf-with-dsym";
				ENABLE_NS_ASSERTIONS = NO;
				ENABLE_STRICT_OBJC_MSGSEND = YES;
				GCC_C_LANGUAGE_STANDARD = gnu11;
				GCC_NO_COMMON_BLOCKS = YES;
				GCC_WARN_64_TO_32_BIT_CONVERSION = YES;
				GCC_WARN_ABOUT_RETURN_TYPE = YES_ERROR;
				GCC_WARN_UNDECLARED_SELECTOR = YES;
				GCC_WARN_UNINITIALIZED_AUTOS = YES_AGGRESSIVE;
				GCC_WARN_UNUSED_FUNCTION = YES;
				GCC_WARN_UNUSED_VARIABLE = YES;
				IPHONEOS_DEPLOYMENT_TARGET = 11.2;
				MTL_ENABLE_DEBUG_INFO = NO;
				SDKROOT = iphoneos;
				SWIFT_OPTIMIZATION_LEVEL = "-Owholemodule";
				VALIDATE_PRODUCT = YES;
			};
			name = Release;
		};
		F508FDE3211BC5A200E2EF8A /* Debug */ = {
			isa = XCBuildConfiguration;
			buildSettings = {
				ASSETCATALOG_COMPILER_APPICON_NAME = AppIcon;
				CODE_SIGN_STYLE = Automatic;
				DEVELOPMENT_TEAM = 5E25FMHAUH;
				INFOPLIST_FILE = "20180808-NishiDandekar-NYCSchools/Info.plist";
				LD_RUNPATH_SEARCH_PATHS = "$(inherited) @executable_path/Frameworks";
				PRODUCT_BUNDLE_IDENTIFIER = "com.schools.-0180808-NishiDandekar-NYCSchools";
				PRODUCT_NAME = "$(TARGET_NAME)";
				SWIFT_VERSION = 4.0;
				TARGETED_DEVICE_FAMILY = "1,2";
			};
			name = Debug;
		};
		F508FDE4211BC5A200E2EF8A /* Release */ = {
			isa = XCBuildConfiguration;
			buildSettings = {
				ASSETCATALOG_COMPILER_APPICON_NAME = AppIcon;
				CODE_SIGN_STYLE = Automatic;
				DEVELOPMENT_TEAM = 5E25FMHAUH;
				INFOPLIST_FILE = "20180808-NishiDandekar-NYCSchools/Info.plist";
				LD_RUNPATH_SEARCH_PATHS = "$(inherited) @executable_path/Frameworks";
				PRODUCT_BUNDLE_IDENTIFIER = "com.schools.-0180808-NishiDandekar-NYCSchools";
				PRODUCT_NAME = "$(TARGET_NAME)";
				SWIFT_VERSION = 4.0;
				TARGETED_DEVICE_FAMILY = "1,2";
			};
			name = Release;
		};
		F508FDE6211BC5A200E2EF8A /* Debug */ = {
			isa = XCBuildConfiguration;
			buildSettings = {
				ALWAYS_EMBED_SWIFT_STANDARD_LIBRARIES = YES;
				BUNDLE_LOADER = "$(TEST_HOST)";
				CODE_SIGN_STYLE = Automatic;
				DEVELOPMENT_TEAM = 5E25FMHAUH;
				INFOPLIST_FILE = "20180808-NishiDandekar-NYCSchoolsTests/Info.plist";
				LD_RUNPATH_SEARCH_PATHS = "$(inherited) @executable_path/Frameworks @loader_path/Frameworks";
				PRODUCT_BUNDLE_IDENTIFIER = "com.schools.-0180808-NishiDandekar-NYCSchoolsTests";
				PRODUCT_NAME = "$(TARGET_NAME)";
				SWIFT_VERSION = 4.0;
				TARGETED_DEVICE_FAMILY = "1,2";
				TEST_HOST = "$(BUILT_PRODUCTS_DIR)/20180808-NishiDandekar-NYCSchools.app/20180808-NishiDandekar-NYCSchools";
			};
			name = Debug;
		};
		F508FDE7211BC5A200E2EF8A /* Release */ = {
			isa = XCBuildConfiguration;
			buildSettings = {
				ALWAYS_EMBED_SWIFT_STANDARD_LIBRARIES = YES;
				BUNDLE_LOADER = "$(TEST_HOST)";
				CODE_SIGN_STYLE = Automatic;
				DEVELOPMENT_TEAM = 5E25FMHAUH;
				INFOPLIST_FILE = "20180808-NishiDandekar-NYCSchoolsTests/Info.plist";
				LD_RUNPATH_SEARCH_PATHS = "$(inherited) @executable_path/Frameworks @loader_path/Frameworks";
				PRODUCT_BUNDLE_IDENTIFIER = "com.schools.-0180808-NishiDandekar-NYCSchoolsTests";
				PRODUCT_NAME = "$(TARGET_NAME)";
				SWIFT_VERSION = 4.0;
				TARGETED_DEVICE_FAMILY = "1,2";
				TEST_HOST = "$(BUILT_PRODUCTS_DIR)/20180808-NishiDandekar-NYCSchools.app/20180808-NishiDandekar-NYCSchools";
			};
			name = Release;
		};
		F508FDE9211BC5A200E2EF8A /* Debug */ = {
			isa = XCBuildConfiguration;
			buildSettings = {
				ALWAYS_EMBED_SWIFT_STANDARD_LIBRARIES = YES;
				CODE_SIGN_STYLE = Automatic;
				DEVELOPMENT_TEAM = 5E25FMHAUH;
				INFOPLIST_FILE = "20180808-NishiDandekar-NYCSchoolsUITests/Info.plist";
				LD_RUNPATH_SEARCH_PATHS = "$(inherited) @executable_path/Frameworks @loader_path/Frameworks";
				PRODUCT_BUNDLE_IDENTIFIER = "com.schools.-0180808-NishiDandekar-NYCSchoolsUITests";
				PRODUCT_NAME = "$(TARGET_NAME)";
				SWIFT_VERSION = 4.0;
				TARGETED_DEVICE_FAMILY = "1,2";
				TEST_TARGET_NAME = "20180808-NishiDandekar-NYCSchools";
			};
			name = Debug;
		};
		F508FDEA211BC5A200E2EF8A /* Release */ = {
			isa = XCBuildConfiguration;
			buildSettings = {
				ALWAYS_EMBED_SWIFT_STANDARD_LIBRARIES = YES;
				CODE_SIGN_STYLE = Automatic;
				DEVELOPMENT_TEAM = 5E25FMHAUH;
				INFOPLIST_FILE = "20180808-NishiDandekar-NYCSchoolsUITests/Info.plist";
				LD_RUNPATH_SEARCH_PATHS = "$(inherited) @executable_path/Frameworks @loader_path/Frameworks";
				PRODUCT_BUNDLE_IDENTIFIER = "com.schools.-0180808-NishiDandekar-NYCSchoolsUITests";
				PRODUCT_NAME = "$(TARGET_NAME)";
				SWIFT_VERSION = 4.0;
				TARGETED_DEVICE_FAMILY = "1,2";
				TEST_TARGET_NAME = "20180808-NishiDandekar-NYCSchools";
			};
			name = Release;
		};
/* End XCBuildConfiguration section */

/* Begin XCConfigurationList section */
		F508FDB5211BC5A200E2EF8A /* Build configuration list for PBXProject "20180808-NishiDandekar-NYCSchools" */ = {
			isa = XCConfigurationList;
			buildConfigurations = (
				F508FDE0211BC5A200E2EF8A /* Debug */,
				F508FDE1211BC5A200E2EF8A /* Release */,
			);
			defaultConfigurationIsVisible = 0;
			defaultConfigurationName = Release;
		};
		F508FDE2211BC5A200E2EF8A /* Build configuration list for PBXNativeTarget "20180808-NishiDandekar-NYCSchools" */ = {
			isa = XCConfigurationList;
			buildConfigurations = (
				F508FDE3211BC5A200E2EF8A /* Debug */,
				F508FDE4211BC5A200E2EF8A /* Release */,
			);
			defaultConfigurationIsVisible = 0;
			defaultConfigurationName = Release;
		};
		F508FDE5211BC5A200E2EF8A /* Build configuration list for PBXNativeTarget "20180808-NishiDandekar-NYCSchoolsTests" */ = {
			isa = XCConfigurationList;
			buildConfigurations = (
				F508FDE6211BC5A200E2EF8A /* Debug */,
				F508FDE7211BC5A200E2EF8A /* Release */,
			);
			defaultConfigurationIsVisible = 0;
			defaultConfigurationName = Release;
		};
		F508FDE8211BC5A200E2EF8A /* Build configuration list for PBXNativeTarget "20180808-NishiDandekar-NYCSchoolsUITests" */ = {
			isa = XCConfigurationList;
			buildConfigurations = (
				F508FDE9211BC5A200E2EF8A /* Debug */,
				F508FDEA211BC5A200E2EF8A /* Release */,
			);
			defaultConfigurationIsVisible = 0;
			defaultConfigurationName = Release;
		};
/* End XCConfigurationList section */
	};
	rootObject = F508FDB2211BC5A200E2EF8A /* Project object */;
}
